
Microsoft Visual Studio Solution File, Format Version 11.00
# Visual Studio 2010
Project("{8BC9CEB8-8B4A-11D0-8D11-00A0C91BC942}") = "Gravitation 2", "Gravitation 2\Gravitation 2.vcxproj", "{88FCEB20-6C07-4720-9AB3-C0D3EC0196FB}"
EndProject
Global
	GlobalSection(SolutionConfigurationPlatforms) = preSolution
		Debug|Win32 = Debug|Win32
		Release|Win32 = Release|Win32
	EndGlobalSection
	GlobalSection(ProjectConfigurationPlatforms) = postSolution
		{88FCEB20-6C07-4720-9AB3-C0D3EC0196FB}.Debug|Win32.ActiveCfg = Debug|Win32
		{88FCEB20-6C07-4720-9AB3-C0D3EC0196FB}.Debug|Win32.Build.0 = Debug|Win32
		{88FCEB20-6C07-4720-9AB3-C0D3EC0196FB}.Release|Win32.ActiveCfg = Release|Win32
		{88FCEB20-6C07-4720-9AB3-C0D3EC0196FB}.Release|Win32.Build.0 = Release|Win32
	EndGlobalSection
	GlobalSection(SolutionProperties) = preSolution
		HideSolutionNode = FALSE
	EndGlobalSection
EndGlobal
